
Microsoft Visual Studio Solution File, Format Version 12.00
# Visual Studio 15
Project("{FAE04EC0-301F-11D3-BF4B-00C04F79EFBC}") = "Assembly-CSharp", "Assembly-CSharp.csproj", "{4CF93878-5783-8425-9151-451E826B0E78}"
EndProject
Project("{FAE04EC0-301F-11D3-BF4B-00C04F79EFBC}") = "Assembly-CSharp-Editor-firstpass", "Assembly-CSharp-Editor-firstpass.csproj", "{F1704037-CE53-3026-C690-7383BE5174A1}"
EndProject
Global
	GlobalSection(SolutionConfigurationPlatforms) = preSolution
		Debug|Any CPU = Debug|Any CPU
		Release|Any CPU = Release|Any CPU
	EndGlobalSection
	GlobalSection(ProjectConfigurationPlatforms) = postSolution
		{4CF93878-5783-8425-9151-451E826B0E78}.Debug|Any CPU.ActiveCfg = Debug|Any CPU
		{4CF93878-5783-8425-9151-451E826B0E78}.Debug|Any CPU.Build.0 = Debug|Any CPU
		{4CF93878-5783-8425-9151-451E826B0E78}.Release|Any CPU.ActiveCfg = Release|Any CPU
		{4CF93878-5783-8425-9151-451E826B0E78}.Release|Any CPU.Build.0 = Release|Any CPU
		{F1704037-CE53-3026-C690-7383BE5174A1}.Debug|Any CPU.ActiveCfg = Debug|Any CPU
		{F1704037-CE53-3026-C690-7383BE5174A1}.Debug|Any CPU.Build.0 = Debug|Any CPU
		{F1704037-CE53-3026-C690-7383BE5174A1}.Release|Any CPU.ActiveCfg = Release|Any CPU
		{F1704037-CE53-3026-C690-7383BE5174A1}.Release|Any CPU.Build.0 = Release|Any CPU
	EndGlobalSection
	GlobalSection(SolutionProperties) = preSolution
		HideSolutionNode = FALSE
	EndGlobalSection
EndGlobal
