
Microsoft Visual Studio Solution File, Format Version 12.00
# Visual Studio 15
Project("{FAE04EC0-301F-11D3-BF4B-00C04F79EFBC}") = "Assembly-CSharp", "Assembly-CSharp.csproj", "{C512116C-2548-82BE-4039-D8CEE78F3E86}"
EndProject
Project("{FAE04EC0-301F-11D3-BF4B-00C04F79EFBC}") = "Assembly-CSharp-Editor-firstpass", "Assembly-CSharp-Editor-firstpass.csproj", "{E7A2250C-F565-4DF8-F9C4-95522B3F4C11}"
EndProject
Global
	GlobalSection(SolutionConfigurationPlatforms) = preSolution
		Debug|Any CPU = Debug|Any CPU
		Release|Any CPU = Release|Any CPU
	EndGlobalSection
	GlobalSection(ProjectConfigurationPlatforms) = postSolution
		{C512116C-2548-82BE-4039-D8CEE78F3E86}.Debug|Any CPU.ActiveCfg = Debug|Any CPU
		{C512116C-2548-82BE-4039-D8CEE78F3E86}.Debug|Any CPU.Build.0 = Debug|Any CPU
		{C512116C-2548-82BE-4039-D8CEE78F3E86}.Release|Any CPU.ActiveCfg = Release|Any CPU
		{C512116C-2548-82BE-4039-D8CEE78F3E86}.Release|Any CPU.Build.0 = Release|Any CPU
		{E7A2250C-F565-4DF8-F9C4-95522B3F4C11}.Debug|Any CPU.ActiveCfg = Debug|Any CPU
		{E7A2250C-F565-4DF8-F9C4-95522B3F4C11}.Debug|Any CPU.Build.0 = Debug|Any CPU
		{E7A2250C-F565-4DF8-F9C4-95522B3F4C11}.Release|Any CPU.ActiveCfg = Release|Any CPU
		{E7A2250C-F565-4DF8-F9C4-95522B3F4C11}.Release|Any CPU.Build.0 = Release|Any CPU
	EndGlobalSection
	GlobalSection(SolutionProperties) = preSolution
		HideSolutionNode = FALSE
	EndGlobalSection
EndGlobal
